
Microsoft Visual Studio Solution File, Format Version 12.00
# Visual Studio 15
VisualStudioVersion = 15.0.26430.6
MinimumVisualStudioVersion = 10.0.40219.1
Project("{FAE04EC0-301F-11D3-BF4B-00C04F79EFBC}") = "ExcelXML", "ExcelXML\ExcelXML.csproj", "{7D400A9C-8002-4807-A445-E82255CEF74B}"
EndProject
Project("{FAE04EC0-301F-11D3-BF4B-00C04F79EFBC}") = "Cmd", "Cmd\Cmd.csproj", "{28068A96-797D-4FB5-9430-A0DDE91B7DA6}"
EndProject
Project("{FAE04EC0-301F-11D3-BF4B-00C04F79EFBC}") = "Cmd2", "Cmd2\Cmd2.csproj", "{4A41156E-D7E7-4763-B37A-55DDF187270E}"
EndProject
Project("{FAE04EC0-301F-11D3-BF4B-00C04F79EFBC}") = "Cmd3", "Cmd3\Cmd3.csproj", "{C8CE94F6-8DC3-4287-9923-BB9BCEDD6E56}"
EndProject
Global
	GlobalSection(SolutionConfigurationPlatforms) = preSolution
		Debug|Any CPU = Debug|Any CPU
		Release|Any CPU = Release|Any CPU
	EndGlobalSection
	GlobalSection(ProjectConfigurationPlatforms) = postSolution
		{7D400A9C-8002-4807-A445-E82255CEF74B}.Debug|Any CPU.ActiveCfg = Debug|Any CPU
		{7D400A9C-8002-4807-A445-E82255CEF74B}.Debug|Any CPU.Build.0 = Debug|Any CPU
		{7D400A9C-8002-4807-A445-E82255CEF74B}.Release|Any CPU.ActiveCfg = Release|Any CPU
		{7D400A9C-8002-4807-A445-E82255CEF74B}.Release|Any CPU.Build.0 = Release|Any CPU
		{28068A96-797D-4FB5-9430-A0DDE91B7DA6}.Debug|Any CPU.ActiveCfg = Debug|Any CPU
		{28068A96-797D-4FB5-9430-A0DDE91B7DA6}.Debug|Any CPU.Build.0 = Debug|Any CPU
		{28068A96-797D-4FB5-9430-A0DDE91B7DA6}.Release|Any CPU.ActiveCfg = Release|Any CPU
		{28068A96-797D-4FB5-9430-A0DDE91B7DA6}.Release|Any CPU.Build.0 = Release|Any CPU
		{4A41156E-D7E7-4763-B37A-55DDF187270E}.Debug|Any CPU.ActiveCfg = Debug|Any CPU
		{4A41156E-D7E7-4763-B37A-55DDF187270E}.Debug|Any CPU.Build.0 = Debug|Any CPU
		{4A41156E-D7E7-4763-B37A-55DDF187270E}.Release|Any CPU.ActiveCfg = Release|Any CPU
		{4A41156E-D7E7-4763-B37A-55DDF187270E}.Release|Any CPU.Build.0 = Release|Any CPU
		{C8CE94F6-8DC3-4287-9923-BB9BCEDD6E56}.Debug|Any CPU.ActiveCfg = Debug|Any CPU
		{C8CE94F6-8DC3-4287-9923-BB9BCEDD6E56}.Debug|Any CPU.Build.0 = Debug|Any CPU
		{C8CE94F6-8DC3-4287-9923-BB9BCEDD6E56}.Release|Any CPU.ActiveCfg = Release|Any CPU
		{C8CE94F6-8DC3-4287-9923-BB9BCEDD6E56}.Release|Any CPU.Build.0 = Release|Any CPU
	EndGlobalSection
	GlobalSection(SolutionProperties) = preSolution
		HideSolutionNode = FALSE
	EndGlobalSection
EndGlobal
