
Microsoft Visual Studio Solution File, Format Version 12.00
# Visual Studio 15
VisualStudioVersion = 15.0.26430.13
MinimumVisualStudioVersion = 10.0.40219.1
Project("{FAE04EC0-301F-11D3-BF4B-00C04F79EFBC}") = "Benchmark", "Benchmark\Benchmark.csproj", "{28068A96-797D-4FB5-9430-A0DDE91B7DA6}"
EndProject
Project("{FAE04EC0-301F-11D3-BF4B-00C04F79EFBC}") = "CmdCore", "CmdCore\CmdCore.csproj", "{BF5393B5-D823-4815-89B6-3A56C3744E71}"
EndProject
Project("{FAE04EC0-301F-11D3-BF4B-00C04F79EFBC}") = "Cmd", "Cmd\Cmd.csproj", "{3FCB84B4-EE01-4855-B7F3-215C2959BABD}"
EndProject
Project("{FAE04EC0-301F-11D3-BF4B-00C04F79EFBC}") = "SimpleXL", "SimpleXL\SimpleXL.csproj", "{5A1C2963-500F-4D33-ABCC-AF7B60737484}"
EndProject
Global
	GlobalSection(SolutionConfigurationPlatforms) = preSolution
		Debug|Any CPU = Debug|Any CPU
		Release|Any CPU = Release|Any CPU
	EndGlobalSection
	GlobalSection(ProjectConfigurationPlatforms) = postSolution
		{28068A96-797D-4FB5-9430-A0DDE91B7DA6}.Debug|Any CPU.ActiveCfg = Debug|Any CPU
		{28068A96-797D-4FB5-9430-A0DDE91B7DA6}.Debug|Any CPU.Build.0 = Debug|Any CPU
		{28068A96-797D-4FB5-9430-A0DDE91B7DA6}.Release|Any CPU.ActiveCfg = Release|Any CPU
		{28068A96-797D-4FB5-9430-A0DDE91B7DA6}.Release|Any CPU.Build.0 = Release|Any CPU
		{BF5393B5-D823-4815-89B6-3A56C3744E71}.Debug|Any CPU.ActiveCfg = Debug|Any CPU
		{BF5393B5-D823-4815-89B6-3A56C3744E71}.Debug|Any CPU.Build.0 = Debug|Any CPU
		{BF5393B5-D823-4815-89B6-3A56C3744E71}.Release|Any CPU.ActiveCfg = Release|Any CPU
		{BF5393B5-D823-4815-89B6-3A56C3744E71}.Release|Any CPU.Build.0 = Release|Any CPU
		{3FCB84B4-EE01-4855-B7F3-215C2959BABD}.Debug|Any CPU.ActiveCfg = Debug|Any CPU
		{3FCB84B4-EE01-4855-B7F3-215C2959BABD}.Debug|Any CPU.Build.0 = Debug|Any CPU
		{3FCB84B4-EE01-4855-B7F3-215C2959BABD}.Release|Any CPU.ActiveCfg = Release|Any CPU
		{3FCB84B4-EE01-4855-B7F3-215C2959BABD}.Release|Any CPU.Build.0 = Release|Any CPU
		{5A1C2963-500F-4D33-ABCC-AF7B60737484}.Debug|Any CPU.ActiveCfg = Debug|Any CPU
		{5A1C2963-500F-4D33-ABCC-AF7B60737484}.Debug|Any CPU.Build.0 = Debug|Any CPU
		{5A1C2963-500F-4D33-ABCC-AF7B60737484}.Release|Any CPU.ActiveCfg = Release|Any CPU
		{5A1C2963-500F-4D33-ABCC-AF7B60737484}.Release|Any CPU.Build.0 = Release|Any CPU
	EndGlobalSection
	GlobalSection(SolutionProperties) = preSolution
		HideSolutionNode = FALSE
	EndGlobalSection
EndGlobal
